
Microsoft Visual Studio Solution File, Format Version 12.00
# Visual Studio Version 16
VisualStudioVersion = 16.0.30611.23
MinimumVisualStudioVersion = 10.0.40219.1
Project("{9A19103F-16F7-4668-BE54-9A1E7A4F7556}") = "task3", "ConsoleApp17_testing_database_connection\task3.csproj", "{17266390-CC84-44CD-A125-AD4EE56FD003}"
EndProject
Project("{FAE04EC0-301F-11D3-BF4B-00C04F79EFBC}") = "TestForDB", "TestForDB\TestForDB.csproj", "{BD766A27-010B-4CC2-90E3-83E2D0BEEE4B}"
EndProject
Global
	GlobalSection(SolutionConfigurationPlatforms) = preSolution
		Debug|Any CPU = Debug|Any CPU
		Release|Any CPU = Release|Any CPU
	EndGlobalSection
	GlobalSection(ProjectConfigurationPlatforms) = postSolution
		{17266390-CC84-44CD-A125-AD4EE56FD003}.Debug|Any CPU.ActiveCfg = Debug|Any CPU
		{17266390-CC84-44CD-A125-AD4EE56FD003}.Debug|Any CPU.Build.0 = Debug|Any CPU
		{17266390-CC84-44CD-A125-AD4EE56FD003}.Release|Any CPU.ActiveCfg = Release|Any CPU
		{17266390-CC84-44CD-A125-AD4EE56FD003}.Release|Any CPU.Build.0 = Release|Any CPU
		{BD766A27-010B-4CC2-90E3-83E2D0BEEE4B}.Debug|Any CPU.ActiveCfg = Debug|Any CPU
		{BD766A27-010B-4CC2-90E3-83E2D0BEEE4B}.Debug|Any CPU.Build.0 = Debug|Any CPU
		{BD766A27-010B-4CC2-90E3-83E2D0BEEE4B}.Release|Any CPU.ActiveCfg = Release|Any CPU
		{BD766A27-010B-4CC2-90E3-83E2D0BEEE4B}.Release|Any CPU.Build.0 = Release|Any CPU
	EndGlobalSection
	GlobalSection(SolutionProperties) = preSolution
		HideSolutionNode = FALSE
	EndGlobalSection
	GlobalSection(ExtensibilityGlobals) = postSolution
		SolutionGuid = {BE8F9D9C-9EBA-4978-BAB1-D130E3D90471}
	EndGlobalSection
EndGlobal
